
Microsoft Visual Studio Solution File, Format Version 12.00
# Visual Studio Version 16
VisualStudioVersion = 16.0.32901.82
MinimumVisualStudioVersion = 10.0.40219.1
Project("{FAE04EC0-301F-11D3-BF4B-00C04F79EFBC}") = "proiect_mtp_croicu_alexandra", "proiect_mtp_croicu_alexandra\proiect_mtp_croicu_alexandra.csproj", "{FD7023DE-FCB9-4744-9F5E-D9CB90DD7DAB}"
EndProject
Global
	GlobalSection(SolutionConfigurationPlatforms) = preSolution
		Debug|Any CPU = Debug|Any CPU
		Release|Any CPU = Release|Any CPU
	EndGlobalSection
	GlobalSection(ProjectConfigurationPlatforms) = postSolution
		{FD7023DE-FCB9-4744-9F5E-D9CB90DD7DAB}.Debug|Any CPU.ActiveCfg = Debug|Any CPU
		{FD7023DE-FCB9-4744-9F5E-D9CB90DD7DAB}.Debug|Any CPU.Build.0 = Debug|Any CPU
		{FD7023DE-FCB9-4744-9F5E-D9CB90DD7DAB}.Release|Any CPU.ActiveCfg = Release|Any CPU
		{FD7023DE-FCB9-4744-9F5E-D9CB90DD7DAB}.Release|Any CPU.Build.0 = Release|Any CPU
	EndGlobalSection
	GlobalSection(SolutionProperties) = preSolution
		HideSolutionNode = FALSE
	EndGlobalSection
	GlobalSection(ExtensibilityGlobals) = postSolution
		SolutionGuid = {F4D54C50-BF32-44F0-B6D9-3B0656C314A1}
	EndGlobalSection
EndGlobal
